dependencies:
- name: jovisco-banking-common
  repository: file://../../jovisco-banking-common
  version: 0.1.0
- name: configserver
  repository: file://../../jovisco-banking-services/configserver
  version: 0.1.0
- name: accounts
  repository: file://../../jovisco-banking-services/accounts
  version: 0.1.0
- name: cards
  repository: file://../../jovisco-banking-services/cards
  version: 0.1.0
- name: loans
  repository: file://../../jovisco-banking-services/loans
  version: 0.1.0
- name: gatewayserver
  repository: file://../../jovisco-banking-services/gatewayserver
  version: 0.1.0
- name: messaging
  repository: file://../../jovisco-banking-services/messaging
  version: 0.1.0
digest: sha256:8fb31a07d43c462a6da2ab2cbb124b5e1d8df8a43bfde0c721e828859c035735
generated: "2024-07-22T16:52:53.279212+02:00"
